// !$*UTF8*$!
{
	archiveVersion = 1;
	classes = {
	};
	objectVersion = 46;
	objects = {

/* Begin PBXBuildFile section */
		D46E2BB31CA6A277003B5D2E /* main.m in Sources */ = {isa = PBXBuildFile; fileRef = D46E2BB21CA6A277003B5D2E /* main.m */; };
		D46E2BB61CA6A277003B5D2E /* AppDelegate.m in Sources */ = {isa = PBXBuildFile; fileRef = D46E2BB51CA6A277003B5D2E /* AppDelegate.m */; };
		D46E2BB91CA6A277003B5D2E /* ViewController.m in Sources */ = {isa = PBXBuildFile; fileRef = D46E2BB81CA6A277003B5D2E /* ViewController.m */; };
		D46E2BBC1CA6A277003B5D2E /* Main.storyboard in Resources */ = {isa = PBXBuildFile; fileRef = D46E2BBA1CA6A277003B5D2E /* Main.storyboard */; };
		D46E2BBE1CA6A277003B5D2E /* Assets.xcassets in Resources */ = {isa = PBXBuildFile; fileRef = D46E2BBD1CA6A277003B5D2E /* Assets.xcassets */; };
		D46E2BC11CA6A277003B5D2E /* LaunchScreen.storyboard in Resources */ = {isa = PBXBuildFile; fileRef = D46E2BBF1CA6A277003B5D2E /* LaunchScreen.storyboard */; };
		D46E2BCC1CA6A277003B5D2E /* TankCarTests.m in Sources */ = {isa = PBXBuildFile; fileRef = D46E2BCB1CA6A277003B5D2E /* TankCarTests.m */; };
/* End PBXBuildFile section */

/* Begin PBXContainerItemProxy section */
		D46E2BC81CA6A277003B5D2E /* PBXContainerItemProxy */ = {
			isa = PBXContainerItemProxy;
			containerPortal = D46E2BA61CA6A277003B5D2E /* Project object */;
			proxyType = 1;
			remoteGlobalIDString = D46E2BAD1CA6A277003B5D2E;
			remoteInfo = TankCar;
		};
/* End PBXContainerItemProxy section */

/* Begin PBXFileReference section */
		D46E2BAE1CA6A277003B5D2E /* TankCar.app */ = {isa = PBXFileReference; explicitFileType = wrapper.application; includeInIndex = 0; path = TankCar.app; sourceTree = BUILT_PRODUCTS_DIR; };
		D46E2BB21CA6A277003B5D2E /* main.m */ = {isa = PBXFileReference; lastKnownFileType = sourcecode.c.objc; path = main.m; sourceTree = "<group>"; };
		D46E2BB41CA6A277003B5D2E /* AppDelegate.h */ = {isa = PBXFileReference; lastKnownFileType = sourcecode.c.h; path = AppDelegate.h; sourceTree = "<group>"; };
		D46E2BB51CA6A277003B5D2E /* AppDelegate.m */ = {isa = PBXFileReference; lastKnownFileType = sourcecode.c.objc; path = AppDelegate.m; sourceTree = "<group>"; };
		D46E2BB71CA6A277003B5D2E /* ViewController.h */ = {isa = PBXFileReference; lastKnownFileType = sourcecode.c.h; path = ViewController.h; sourceTree = "<group>"; };
		D46E2BB81CA6A277003B5D2E /* ViewController.m */ = {isa = PBXFileReference; lastKnownFileType = sourcecode.c.objc; path = ViewController.m; sourceTree = "<group>"; };
		D46E2BBB1CA6A277003B5D2E /* Base */ = {isa = PBXFileReference; lastKnownFileType = file.storyboard; name = Base; path = Base.lproj/Main.storyboard; sourceTree = "<group>"; };
		D46E2BBD1CA6A277003B5D2E /* Assets.xcassets */ = {isa = PBXFileReference; lastKnownFileType = folder.assetcatalog; path = Assets.xcassets; sourceTree = "<group>"; };
		D46E2BC01CA6A277003B5D2E /* Base */ = {isa = PBXFileReference; lastKnownFileType = file.storyboard; name = Base; path = Base.lproj/LaunchScreen.storyboard; sourceTree = "<group>"; };
		D46E2BC21CA6A277003B5D2E /* Info.plist */ = {isa = PBXFileReference; lastKnownFileType = text.plist.xml; path = Info.plist; sourceTree = "<group>"; };
		D46E2BC71CA6A277003B5D2E /* TankCarTests.xctest */ = {isa = PBXFileReference; explicitFileType = wrapper.cfbundle; includeInIndex = 0; path = TankCarTests.xctest; sourceTree = BUILT_PRODUCTS_DIR; };
		D46E2BCB1CA6A277003B5D2E /* TankCarTests.m */ = {isa = PBXFileReference; lastKnownFileType = sourcecode.c.objc; path = TankCarTests.m; sourceTree = "<group>"; };
		D46E2BCD1CA6A277003B5D2E /* Info.plist */ = {isa = PBXFileReference; lastKnownFileType = text.plist.xml; path = Info.plist; sourceTree = "<group>"; };
/* End PBXFileReference section */

/* Begin PBXFrameworksBuildPhase section */
		D46E2BAB1CA6A277003B5D2E /* Frameworks */ = {
			isa = PBXFrameworksBuildPhase;
			buildActionMask = 2147483647;
			files = (
			);
			runOnlyForDeploymentPostprocessing = 0;
		};
		D46E2BC41CA6A277003B5D2E /* Frameworks */ = {
			isa = PBXFrameworksBuildPhase;
			buildActionMask = 2147483647;
			files = (
			);
			runOnlyForDeploymentPostprocessing = 0;
		};
/* End PBXFrameworksBuildPhase section */

/* Begin PBXGroup section */
		D46E2BA51CA6A277003B5D2E = {
			isa = PBXGroup;
			children = (
				D46E2BB01CA6A277003B5D2E /* TankCar */,
				D46E2BCA1CA6A277003B5D2E /* TankCarTests */,
				D46E2BAF1CA6A277003B5D2E /* Products */,
			);
			sourceTree = "<group>";
		};
		D46E2BAF1CA6A277003B5D2E /* Products */ = {
			isa = PBXGroup;
			children = (
				D46E2BAE1CA6A277003B5D2E /* TankCar.app */,
				D46E2BC71CA6A277003B5D2E /* TankCarTests.xctest */,
			);
			name = Products;
			sourceTree = "<group>";
		};
		D46E2BB01CA6A277003B5D2E /* TankCar */ = {
			isa = PBXGroup;
			children = (
				D46E2BB41CA6A277003B5D2E /* AppDelegate.h */,
				D46E2BB51CA6A277003B5D2E /* AppDelegate.m */,
				D46E2BB71CA6A277003B5D2E /* ViewController.h */,
				D46E2BB81CA6A277003B5D2E /* ViewController.m */,
				D46E2BBA1CA6A277003B5D2E /* Main.storyboard */,
				D46E2BBD1CA6A277003B5D2E /* Assets.xcassets */,
				D46E2BBF1CA6A277003B5D2E /* LaunchScreen.storyboard */,
				D46E2BC21CA6A277003B5D2E /* Info.plist */,
				D46E2BB11CA6A277003B5D2E /* Supporting Files */,
			);
			path = TankCar;
			sourceTree = "<group>";
		};
		D46E2BB11CA6A277003B5D2E /* Supporting Files */ = {
			isa = PBXGroup;
			children = (
				D46E2BB21CA6A277003B5D2E /* main.m */,
			);
			name = "Supporting Files";
			sourceTree = "<group>";
		};
		D46E2BCA1CA6A277003B5D2E /* TankCarTests */ = {
			isa = PBXGroup;
			children = (
				D46E2BCB1CA6A277003B5D2E /* TankCarTests.m */,
				D46E2BCD1CA6A277003B5D2E /* Info.plist */,
			);
			path = TankCarTests;
			sourceTree = "<group>";
		};
/* End PBXGroup section */

/* Begin PBXNativeTarget section */
		D46E2BAD1CA6A277003B5D2E /* TankCar */ = {
			isa = PBXNativeTarget;
			buildConfigurationList = D46E2BD01CA6A277003B5D2E /* Build configuration list for PBXNativeTarget "TankCar" */;
			buildPhases = (
				D46E2BAA1CA6A277003B5D2E /* Sources */,
				D46E2BAB1CA6A277003B5D2E /* Frameworks */,
				D46E2BAC1CA6A277003B5D2E /* Resources */,
			);
			buildRules = (
			);
			dependencies = (
			);
			name = TankCar;
			productName = TankCar;
			productReference = D46E2BAE1CA6A277003B5D2E /* TankCar.app */;
			productType = "com.apple.product-type.application";
		};
		D46E2BC61CA6A277003B5D2E /* TankCarTests */ = {
			isa = PBXNativeTarget;
			buildConfigurationList = D46E2BD31CA6A277003B5D2E /* Build configuration list for PBXNativeTarget "TankCarTests" */;
			buildPhases = (
				D46E2BC31CA6A277003B5D2E /* Sources */,
				D46E2BC41CA6A277003B5D2E /* Frameworks */,
				D46E2BC51CA6A277003B5D2E /* Resources */,
			);
			buildRules = (
			);
			dependencies = (
				D46E2BC91CA6A277003B5D2E /* PBXTargetDependency */,
			);
			name = TankCarTests;
			productName = TankCarTests;
			productReference = D46E2BC71CA6A277003B5D2E /* TankCarTests.xctest */;
			productType = "com.apple.product-type.bundle.unit-test";
		};
/* End PBXNativeTarget section */

/* Begin PBXProject section */
		D46E2BA61CA6A277003B5D2E /* Project object */ = {
			isa = PBXProject;
			attributes = {
				LastUpgradeCheck = 0730;
				ORGANIZATIONNAME = lirain;
				TargetAttributes = {
					D46E2BAD1CA6A277003B5D2E = {
						CreatedOnToolsVersion = 7.3;
						DevelopmentTeam = GDA27LJX43;
					};
					D46E2BC61CA6A277003B5D2E = {
						CreatedOnToolsVersion = 7.3;
						DevelopmentTeam = GDA27LJX43;
						TestTargetID = D46E2BAD1CA6A277003B5D2E;
					};
				};
			};
			buildConfigurationList = D46E2BA91CA6A277003B5D2E /* Build configuration list for PBXProject "TankCar" */;
			compatibilityVersion = "Xcode 3.2";
			developmentRegion = English;
			hasScannedForEncodings = 0;
			knownRegions = (
				en,
				Base,
			);
			mainGroup = D46E2BA51CA6A277003B5D2E;
			productRefGroup = D46E2BAF1CA6A277003B5D2E /* Products */;
			projectDirPath = "";
			projectRoot = "";
			targets = (
				D46E2BAD1CA6A277003B5D2E /* TankCar */,
				D46E2BC61CA6A277003B5D2E /* TankCarTests */,
			);
		};
/* End PBXProject section */

/* Begin PBXResourcesBuildPhase section */
		D46E2BAC1CA6A277003B5D2E /* Resources */ = {
			isa = PBXResourcesBuildPhase;
			buildActionMask = 2147483647;
			files = (
				D46E2BC11CA6A277003B5D2E /* LaunchScreen.storyboard in Resources */,
				D46E2BBE1CA6A277003B5D2E /* Assets.xcassets in Resources */,
				D46E2BBC1CA6A277003B5D2E /* Main.storyboard in Resources */,
			);
			runOnlyForDeploymentPostprocessing = 0;
		};
		D46E2BC51CA6A277003B5D2E /* Resources */ = {
			isa = PBXResourcesBuildPhase;
			buildActionMask = 2147483647;
			files = (
			);
			runOnlyForDeploymentPostprocessing = 0;
		};
/* End PBXResourcesBuildPhase section */

/* Begin PBXSourcesBuildPhase section */
		D46E2BAA1CA6A277003B5D2E /* Sources */ = {
			isa = PBXSourcesBuildPhase;
			buildActionMask = 2147483647;
			files = (
				D46E2BB91CA6A277003B5D2E /* ViewController.m in Sources */,
				D46E2BB61CA6A277003B5D2E /* AppDelegate.m in Sources */,
				D46E2BB31CA6A277003B5D2E /* main.m in Sources */,
			);
			runOnlyForDeploymentPostprocessing = 0;
		};
		D46E2BC31CA6A277003B5D2E /* Sources */ = {
			isa = PBXSourcesBuildPhase;
			buildActionMask = 2147483647;
			files = (
				D46E2BCC1CA6A277003B5D2E /* TankCarTests.m in Sources */,
			);
			runOnlyForDeploymentPostprocessing = 0;
		};
/* End PBXSourcesBuildPhase section */

/* Begin PBXTargetDependency section */
		D46E2BC91CA6A277003B5D2E /* PBXTargetDependency */ = {
			isa = PBXTargetDependency;
			target = D46E2BAD1CA6A277003B5D2E /* TankCar */;
			targetProxy = D46E2BC81CA6A277003B5D2E /* PBXContainerItemProxy */;
		};
/* End PBXTargetDependency section */

/* Begin PBXVariantGroup section */
		D46E2BBA1CA6A277003B5D2E /* Main.storyboard */ = {
			isa = PBXVariantGroup;
			children = (
				D46E2BBB1CA6A277003B5D2E /* Base */,
			);
			name = Main.storyboard;
			sourceTree = "<group>";
		};
		D46E2BBF1CA6A277003B5D2E /* LaunchScreen.storyboard */ = {
			isa = PBXVariantGroup;
			children = (
				D46E2BC01CA6A277003B5D2E /* Base */,
			);
			name = LaunchScreen.storyboard;
			sourceTree = "<group>";
		};
/* End PBXVariantGroup section */

/* Begin XCBuildConfiguration section */
		D46E2BCE1CA6A277003B5D2E /* Debug */ = {
			isa = XCBuildConfiguration;
			buildSettings = {
				ALWAYS_SEARCH_USER_PATHS = NO;
				CLANG_ANALYZER_NONNULL = YES;
				CLANG_CXX_LANGUAGE_STANDARD = "gnu++0x";
				CLANG_CXX_LIBRARY = "libc++";
				CLANG_ENABLE_MODULES = YES;
				CLANG_ENABLE_OBJC_ARC = YES;
				CLANG_WARN_BOOL_CONVERSION = YES;
				CLANG_WARN_CONSTANT_CONVERSION = YES;
				CLANG_WARN_DIRECT_OBJC_ISA_USAGE = YES_ERROR;
				CLANG_WARN_EMPTY_BODY = YES;
				CLANG_WARN_ENUM_CONVERSION = YES;
				CLANG_WARN_INT_CONVERSION = YES;
				CLANG_WARN_OBJC_ROOT_CLASS = YES_ERROR;
				CLANG_WARN_UNREACHABLE_CODE = YES;
				CLANG_WARN__DUPLICATE_METHOD_MATCH = YES;
				"CODE_SIGN_IDENTITY[sdk=iphoneos*]" = "iPhone Developer";
				COPY_PHASE_STRIP = NO;
				DEBUG_INFORMATION_FORMAT = dwarf;
				ENABLE_STRICT_OBJC_MSGSEND = YES;
				ENABLE_TESTABILITY = YES;
				GCC_C_LANGUAGE_STANDARD = gnu99;
				GCC_DYNAMIC_NO_PIC = NO;
				GCC_NO_COMMON_BLOCKS = YES;
				GCC_OPTIMIZATION_LEVEL = 0;
				GCC_PREPROCESSOR_DEFINITIONS = (
					"DEBUG=1",
					"$(inherited)",
				);
				GCC_WARN_64_TO_32_BIT_CONVERSION = YES;
				GCC_WARN_ABOUT_RETURN_TYPE = YES_ERROR;
				GCC_WARN_UNDECLARED_SELECTOR = YES;
				GCC_WARN_UNINITIALIZED_AUTOS = YES_AGGRESSIVE;
				GCC_WARN_UNUSED_FUNCTION = YES;
				GCC_WARN_UNUSED_VARIABLE = YES;
				IPHONEOS_DEPLOYMENT_TARGET = 9.3;
				MTL_ENABLE_DEBUG_INFO = YES;
				ONLY_ACTIVE_ARCH = YES;
				SDKROOT = iphoneos;
			};
			name = Debug;
		};
		D46E2BCF1CA6A277003B5D2E /* Release */ = {
			isa = XCBuildConfiguration;
			buildSettings = {
				ALWAYS_SEARCH_USER_PATHS = NO;
				CLANG_ANALYZER_NONNULL = YES;
				CLANG_CXX_LANGUAGE_STANDARD = "gnu++0x";
				CLANG_CXX_LIBRARY = "libc++";
				CLANG_ENABLE_MODULES = YES;
				CLANG_ENABLE_OBJC_ARC = YES;
				CLANG_WARN_BOOL_CONVERSION = YES;
				CLANG_WARN_CONSTANT_CONVERSION = YES;
				CLANG_WARN_DIRECT_OBJC_ISA_USAGE = YES_ERROR;
				CLANG_WARN_EMPTY_BODY = YES;
				CLANG_WARN_ENUM_CONVERSION = YES;
				CLANG_WARN_INT_CONVERSION = YES;
				CLANG_WARN_OBJC_ROOT_CLASS = YES_ERROR;
				CLANG_WARN_UNREACHABLE_CODE = YES;
				CLANG_WARN__DUPLICATE_METHOD_MATCH = YES;
				"CODE_SIGN_IDENTITY[sdk=iphoneos*]" = "iPhone Developer";
				COPY_PHASE_STRIP = NO;
				DEBUG_INFORMATION_FORMAT = "dwarf-with-dsym";
				ENABLE_NS_ASSERTIONS = NO;
				ENABLE_STRICT_OBJC_MSGSEND = YES;
				GCC_C_LANGUAGE_STANDARD = gnu99;
				GCC_NO_COMMON_BLOCKS = YES;
				GCC_WARN_64_TO_32_BIT_CONVERSION = YES;
				GCC_WARN_ABOUT_RETURN_TYPE = YES_ERROR;
				GCC_WARN_UNDECLARED_SELECTOR = YES;
				GCC_WARN_UNINITIALIZED_AUTOS = YES_AGGRESSIVE;
				GCC_WARN_UNUSED_FUNCTION = YES;
				GCC_WARN_UNUSED_VARIABLE = YES;
				IPHONEOS_DEPLOYMENT_TARGET = 9.3;
				MTL_ENABLE_DEBUG_INFO = NO;
				SDKROOT = iphoneos;
				VALIDATE_PRODUCT = YES;
			};
			name = Release;
		};
		D46E2BD11CA6A277003B5D2E /* Debug */ = {
			isa = XCBuildConfiguration;
			buildSettings = {
				ASSETCATALOG_COMPILER_APPICON_NAME = AppIcon;
				INFOPLIST_FILE = TankCar/Info.plist;
				LD_RUNPATH_SEARCH_PATHS = "$(inherited) @executable_path/Frameworks";
				PRODUCT_BUNDLE_IDENTIFIER = org.lirain.TankCar;
				PRODUCT_NAME = "$(TARGET_NAME)";
			};
			name = Debug;
		};
		D46E2BD21CA6A277003B5D2E /* Release */ = {
			isa = XCBuildConfiguration;
			buildSettings = {
				ASSETCATALOG_COMPILER_APPICON_NAME = AppIcon;
				INFOPLIST_FILE = TankCar/Info.plist;
				LD_RUNPATH_SEARCH_PATHS = "$(inherited) @executable_path/Frameworks";
				PRODUCT_BUNDLE_IDENTIFIER = org.lirain.TankCar;
				PRODUCT_NAME = "$(TARGET_NAME)";
			};
			name = Release;
		};
		D46E2BD41CA6A277003B5D2E /* Debug */ = {
			isa = XCBuildConfiguration;
			buildSettings = {
				BUNDLE_LOADER = "$(TEST_HOST)";
				INFOPLIST_FILE = TankCarTests/Info.plist;
				LD_RUNPATH_SEARCH_PATHS = "$(inherited) @executable_path/Frameworks @loader_path/Frameworks";
				PRODUCT_BUNDLE_IDENTIFIER = org.lirain.TankCarTests;
				PRODUCT_NAME = "$(TARGET_NAME)";
				TEST_HOST = "$(BUILT_PRODUCTS_DIR)/TankCar.app/TankCar";
			};
			name = Debug;
		};
		D46E2BD51CA6A277003B5D2E /* Release */ = {
			isa = XCBuildConfiguration;
			buildSettings = {
				BUNDLE_LOADER = "$(TEST_HOST)";
				INFOPLIST_FILE = TankCarTests/Info.plist;
				LD_RUNPATH_SEARCH_PATHS = "$(inherited) @executable_path/Frameworks @loader_path/Frameworks";
				PRODUCT_BUNDLE_IDENTIFIER = org.lirain.TankCarTests;
				PRODUCT_NAME = "$(TARGET_NAME)";
				TEST_HOST = "$(BUILT_PRODUCTS_DIR)/TankCar.app/TankCar";
			};
			name = Release;
		};
/* End XCBuildConfiguration section */

/* Begin XCConfigurationList section */
		D46E2BA91CA6A277003B5D2E /* Build configuration list for PBXProject "TankCar" */ = {
			isa = XCConfigurationList;
			buildConfigurations = (
				D46E2BCE1CA6A277003B5D2E /* Debug */,
				D46E2BCF1CA6A277003B5D2E /* Release */,
			);
			defaultConfigurationIsVisible = 0;
			defaultConfigurationName = Release;
		};
		D46E2BD01CA6A277003B5D2E /* Build configuration list for PBXNativeTarget "TankCar" */ = {
			isa = XCConfigurationList;
			buildConfigurations = (
				D46E2BD11CA6A277003B5D2E /* Debug */,
				D46E2BD21CA6A277003B5D2E /* Release */,
			);
			defaultConfigurationIsVisible = 0;
		};
		D46E2BD31CA6A277003B5D2E /* Build configuration list for PBXNativeTarget "TankCarTests" */ = {
			isa = XCConfigurationList;
			buildConfigurations = (
				D46E2BD41CA6A277003B5D2E /* Debug */,
				D46E2BD51CA6A277003B5D2E /* Release */,
			);
			defaultConfigurationIsVisible = 0;
		};
/* End XCConfigurationList section */
	};
	rootObject = D46E2BA61CA6A277003B5D2E /* Project object */;
}
